// !$*UTF8*$!
{
	archiveVersion = 1;
	classes = {
	};
	objectVersion = 46;
	objects = {

/* Begin PBXBuildFile section */
		DAE5100A172EE5AC00B5F208 /* Foundation.framework in Frameworks */ = {isa = PBXBuildFile; fileRef = DAE51009172EE5AC00B5F208 /* Foundation.framework */; };
		DAE51010172EE5AC00B5F208 /* Nimbus.m in Sources */ = {isa = PBXBuildFile; fileRef = DAE5100F172EE5AC00B5F208 /* Nimbus.m */; };
/* End PBXBuildFile section */

/* Begin PBXFileReference section */
		DAE51006172EE5AC00B5F208 /* libNimbus.a */ = {isa = PBXFileReference; explicitFileType = archive.ar; includeInIndex = 0; path = libNimbus.a; sourceTree = BUILT_PRODUCTS_DIR; };
		DAE51009172EE5AC00B5F208 /* Foundation.framework */ = {isa = PBXFileReference; lastKnownFileType = wrapper.framework; name = Foundation.framework; path = System/Library/Frameworks/Foundation.framework; sourceTree = SDKROOT; };
		DAE5100D172EE5AC00B5F208 /* Nimbus-Prefix.pch */ = {isa = PBXFileReference; lastKnownFileType = sourcecode.c.h; path = "Nimbus-Prefix.pch"; sourceTree = "<group>"; };
		DAE5100E172EE5AC00B5F208 /* Nimbus.h */ = {isa = PBXFileReference; lastKnownFileType = sourcecode.c.h; path = Nimbus.h; sourceTree = "<group>"; };
		DAE5100F172EE5AC00B5F208 /* Nimbus.m */ = {isa = PBXFileReference; lastKnownFileType = sourcecode.c.objc; path = Nimbus.m; sourceTree = "<group>"; };
/* End PBXFileReference section */

/* Begin PBXFrameworksBuildPhase section */
		DAE51002172EE5AC00B5F208 /* Frameworks */ = {
			isa = PBXFrameworksBuildPhase;
			buildActionMask = 2147483647;
			files = (
				DAE5100A172EE5AC00B5F208 /* Foundation.framework in Frameworks */,
			);
			runOnlyForDeploymentPostprocessing = 0;
		};
/* End PBXFrameworksBuildPhase section */

/* Begin PBXGroup section */
		DAE50FFB172EE5AC00B5F208 = {
			isa = PBXGroup;
			children = (
				DAE5100B172EE5AC00B5F208 /* Nimbus */,
				DAE51008172EE5AC00B5F208 /* Frameworks */,
				DAE51007172EE5AC00B5F208 /* Products */,
			);
			sourceTree = "<group>";
		};
		DAE51007172EE5AC00B5F208 /* Products */ = {
			isa = PBXGroup;
			children = (
				DAE51006172EE5AC00B5F208 /* libNimbus.a */,
			);
			name = Products;
			sourceTree = "<group>";
		};
		DAE51008172EE5AC00B5F208 /* Frameworks */ = {
			isa = PBXGroup;
			children = (
				DAE51009172EE5AC00B5F208 /* Foundation.framework */,
			);
			name = Frameworks;
			sourceTree = "<group>";
		};
		DAE5100B172EE5AC00B5F208 /* Nimbus */ = {
			isa = PBXGroup;
			children = (
				DAE5100E172EE5AC00B5F208 /* Nimbus.h */,
				DAE5100F172EE5AC00B5F208 /* Nimbus.m */,
				DAE5100C172EE5AC00B5F208 /* Supporting Files */,
			);
			path = Nimbus;
			sourceTree = "<group>";
		};
		DAE5100C172EE5AC00B5F208 /* Supporting Files */ = {
			isa = PBXGroup;
			children = (
				DAE5100D172EE5AC00B5F208 /* Nimbus-Prefix.pch */,
			);
			name = "Supporting Files";
			sourceTree = "<group>";
		};
/* End PBXGroup section */

/* Begin PBXHeadersBuildPhase section */
		DAE51003172EE5AC00B5F208 /* Headers */ = {
			isa = PBXHeadersBuildPhase;
			buildActionMask = 2147483647;
			files = (
			);
			runOnlyForDeploymentPostprocessing = 0;
		};
/* End PBXHeadersBuildPhase section */

/* Begin PBXNativeTarget section */
		DAE51005172EE5AC00B5F208 /* Nimbus */ = {
			isa = PBXNativeTarget;
			buildConfigurationList = DAE51013172EE5AC00B5F208 /* Build configuration list for PBXNativeTarget "Nimbus" */;
			buildPhases = (
				DAE51000172EE5AC00B5F208 /* ShellScript */,
				DAE51001172EE5AC00B5F208 /* Sources */,
				DAE51002172EE5AC00B5F208 /* Frameworks */,
				DAE51003172EE5AC00B5F208 /* Headers */,
				DAE51004172EE5AC00B5F208 /* ShellScript */,
			);
			buildRules = (
			);
			dependencies = (
			);
			name = Nimbus;
			productName = Nimbus;
			productReference = DAE51006172EE5AC00B5F208 /* libNimbus.a */;
			productType = "com.apple.product-type.library.static";
		};
/* End PBXNativeTarget section */

/* Begin PBXProject section */
		DAE50FFC172EE5AC00B5F208 /* Project object */ = {
			isa = PBXProject;
			attributes = {
				LastUpgradeCheck = 0460;
				ORGANIZATIONNAME = "Paul Knopf";
			};
			buildConfigurationList = DAE50FFF172EE5AC00B5F208 /* Build configuration list for PBXProject "Nimbus" */;
			compatibilityVersion = "Xcode 3.2";
			developmentRegion = English;
			hasScannedForEncodings = 0;
			knownRegions = (
				en,
			);
			mainGroup = DAE50FFB172EE5AC00B5F208;
			productRefGroup = DAE51007172EE5AC00B5F208 /* Products */;
			projectDirPath = "";
			projectRoot = "";
			targets = (
				DAE51005172EE5AC00B5F208 /* Nimbus */,
			);
		};
/* End PBXProject section */

/* Begin PBXShellScriptBuildPhase section */
		DAE51000172EE5AC00B5F208 /* ShellScript */ = {
			isa = PBXShellScriptBuildPhase;
			buildActionMask = 2147483647;
			files = (
			);
			inputPaths = (
			);
			outputPaths = (
			);
			runOnlyForDeploymentPostprocessing = 0;
			shellPath = /bin/sh;
			shellScript = "set -e\n\nif [ \"$CALLED_FROM_MASTER\" ]\nthen\n# This is the other build, called from the original instance\nexit 0\nfi\n\n# Clean up prior to build\n\nCURRENTCONFIG_DEVICE_DIR=\"${SYMROOT}/${CONFIGURATION}-iphoneos\"\nCURRENTCONFIG_SIMULATOR_DIR=\"${SYMROOT}/${CONFIGURATION}-iphonesimulator\"\nCURRENTCONFIG_UNIVERSAL_DIR=\"${SYMROOT}/${CONFIGURATION}-universal\"\n\nif [ ! -f \"${CURRENTCONFIG_DEVICE_DIR}/${EXECUTABLE_NAME}\" ]; then\n  echo \"Device build cleaned; cleaning other builds too\"\n  rm -f \"${CURRENTCONFIG_SIMULATOR_DIR}/${EXECUTABLE_NAME}\" \n  rm -f \"${CURRENTCONFIG_UNIVERSAL_DIR}/${EXECUTABLE_NAME}\"\nelif [ ! -f \"${CURRENTCONFIG_SIMULATOR_DIR}/${EXECUTABLE_NAME}\" ]; then\n  echo \"Simulator build cleaned; cleaning other builds too\"\n  rm -f \"${CURRENTCONFIG_DEVICE_DIR}/${EXECUTABLE_NAME}\"\n  rm -f \"${CURRENTCONFIG_UNIVERSAL_DIR}/${EXECUTABLE_NAME}\"\nfi\n";
		};
		DAE51004172EE5AC00B5F208 /* ShellScript */ = {
			isa = PBXShellScriptBuildPhase;
			buildActionMask = 2147483647;
			files = (
			);
			inputPaths = (
			);
			outputPaths = (
			);
			runOnlyForDeploymentPostprocessing = 0;
			shellPath = /bin/sh;
			shellScript = "set -e\n\n#\n# Universal static library script\n# http://github.com/michaeltyson/iOS-Universal-Library-Template\n#\n# Version 2.5\n#\n# Purpose:\n#   Create a static library for iPhone from within XCode\n#\n# Author: Adam Martin - http://twitter.com/redglassesapps\n# Tweaked and made into an Xcode template by Michael Tyson - http://atastypixel.com/blog\n# Based on original script from Eonil\n# More info: see this Stack Overflow question: http://stackoverflow.com/questions/3520977/build-fat-static-library-device-simulator-using-xcode-and-sdk-4\n# Additional changes by John Lawson <http://jelawson.com> to copy the CURRENTCONFIG_DEVICE_DIR to the CURRENTCONFIG_UNIVERSAL_DIR instead of creating it\n# to include other files that might have been copied via Copy Files build phases (e.g. readme files, xibs, etc); this removes the need to copy just\n# the header folder.\n#\n#################[ Tests: helps workaround any future bugs in Xcode ]########\n#\nDEBUG_THIS_SCRIPT=\"true\"\n\nif [ $DEBUG_THIS_SCRIPT = \"true\" ]\nthen\necho \"########### TESTS #############\"\necho \"Use the following variables when debugging this script; note that they may change on recursions\"\necho \"BUILD_DIR = $BUILD_DIR\"\necho \"BUILD_ROOT = $BUILD_ROOT\"\necho \"CONFIGURATION_BUILD_DIR = $CONFIGURATION_BUILD_DIR\"\necho \"BUILT_PRODUCTS_DIR = $BUILT_PRODUCTS_DIR\"\necho \"CONFIGURATION_TEMP_DIR = $CONFIGURATION_TEMP_DIR\"\necho \"TARGET_BUILD_DIR = $TARGET_BUILD_DIR\"\nfi\n\nif [ \"$CALLED_FROM_MASTER\" ]\nthen\n# This is the other build, called from the original instance\nexit 0\nfi\n\n# Find the BASESDK version number\nSDK_VERSION=$(echo ${SDK_NAME} | grep -o '.\\{3\\}$')\n\n# Next, work out if we're in SIM or DEVICE\nif [ ${PLATFORM_NAME} = \"iphonesimulator\" ]\nthen\nOTHER_SDK_TO_BUILD=iphoneos${SDK_VERSION}\nelse\nOTHER_SDK_TO_BUILD=iphonesimulator${SDK_VERSION}\nfi\n\necho \"XCode has selected SDK: ${PLATFORM_NAME} with version: ${SDK_VERSION} (although back-targetting: ${IPHONEOS_DEPLOYMENT_TARGET})\"\necho \"...therefore, OTHER_SDK_TO_BUILD = ${OTHER_SDK_TO_BUILD}\"\n\n# Build the other architecture\necho \"xcodebuild -project \\\"${PROJECT_FILE_PATH}\\\" -configuration \\\"${CONFIGURATION}\\\" -target \\\"${TARGET_NAME}\\\" -sdk \\\"${OTHER_SDK_TO_BUILD}\\\" ${ACTION} RUN_CLANG_STATIC_ANALYZER=NO BUILD_DIR=\\\"${BUILD_DIR}\\\" BUILD_ROOT=\\\"${BUILD_ROOT}\\\" CALLED_FROM_MASTER=1\"\nxcodebuild -project \"${PROJECT_FILE_PATH}\" -configuration \"${CONFIGURATION}\" -target \"${TARGET_NAME}\" -sdk \"${OTHER_SDK_TO_BUILD}\" ${ACTION} RUN_CLANG_STATIC_ANALYZER=NO BUILD_DIR=\"${BUILD_DIR}\" BUILD_ROOT=\"${BUILD_ROOT}\" CALLED_FROM_MASTER=1\n\n# Merge built architectures\nCURRENTCONFIG_DEVICE_DIR=\"${SYMROOT}/${CONFIGURATION}-iphoneos\"\nCURRENTCONFIG_SIMULATOR_DIR=\"${SYMROOT}/${CONFIGURATION}-iphonesimulator\"\nCURRENTCONFIG_UNIVERSAL_DIR=\"${SYMROOT}/${CONFIGURATION}-universal\"\n\necho \"Taking device build from: ${CURRENTCONFIG_DEVICE_DIR}\"\necho \"Taking simulator build from: ${CURRENTCONFIG_SIMULATOR_DIR}\"\necho \"...I will output a universal build to: ${CURRENTCONFIG_UNIVERSAL_DIR}\"\n\nif [ ! -e \"${CURRENTCONFIG_UNIVERSAL_DIR}/${EXECUTABLE_NAME}\" -o \\\n\"${CURRENTCONFIG_DEVICE_DIR}/${EXECUTABLE_NAME}\" -nt \"${CURRENTCONFIG_UNIVERSAL_DIR}/${EXECUTABLE_NAME}\" -o \\\n\"${CURRENTCONFIG_SIMULATOR_DIR}/${EXECUTABLE_NAME}\" -nt \"${CURRENTCONFIG_UNIVERSAL_DIR}/${EXECUTABLE_NAME}\" ]\nthen\nrm -rf \"${CURRENTCONFIG_UNIVERSAL_DIR}\"\ncp -R \"${CURRENTCONFIG_DEVICE_DIR}\" \"${CURRENTCONFIG_UNIVERSAL_DIR}\"\nrm -f \"${CURRENTCONFIG_UNIVERSAL_DIR}/${EXECUTABLE_NAME}\"\n\necho \"lipo: for current configuration (${CONFIGURATION}) creating output file: ${CURRENTCONFIG_UNIVERSAL_DIR}/${EXECUTABLE_NAME}\"\nlipo -create -output \"${CURRENTCONFIG_UNIVERSAL_DIR}/${EXECUTABLE_NAME}\" \"${CURRENTCONFIG_DEVICE_DIR}/${EXECUTABLE_NAME}\" \"${CURRENTCONFIG_SIMULATOR_DIR}/${EXECUTABLE_NAME}\"\n\necho \"Copying universal build back over to ${CURRENTCONFIG_DEVICE_DIR} and ${CURRENTCONFIG_SIMULATOR_DIR}\"\ncp \"${CURRENTCONFIG_UNIVERSAL_DIR}/${EXECUTABLE_NAME}\" \"${CURRENTCONFIG_DEVICE_DIR}/${EXECUTABLE_NAME}\"\ncp \"${CURRENTCONFIG_UNIVERSAL_DIR}/${EXECUTABLE_NAME}\" \"${CURRENTCONFIG_SIMULATOR_DIR}/${EXECUTABLE_NAME}\"\ntouch \"${CURRENTCONFIG_UNIVERSAL_DIR}/${EXECUTABLE_NAME}\"\n\nelse\necho \"Everything up to date.\"\nfi\n";
		};
/* End PBXShellScriptBuildPhase section */

/* Begin PBXSourcesBuildPhase section */
		DAE51001172EE5AC00B5F208 /* Sources */ = {
			isa = PBXSourcesBuildPhase;
			buildActionMask = 2147483647;
			files = (
				DAE51010172EE5AC00B5F208 /* Nimbus.m in Sources */,
			);
			runOnlyForDeploymentPostprocessing = 0;
		};
/* End PBXSourcesBuildPhase section */

/* Begin XCBuildConfiguration section */
		DAE51011172EE5AC00B5F208 /* Debug */ = {
			isa = XCBuildConfiguration;
			buildSettings = {
				ALWAYS_SEARCH_USER_PATHS = NO;
				CLANG_CXX_LANGUAGE_STANDARD = "gnu++0x";
				CLANG_CXX_LIBRARY = "libc++";
				CLANG_ENABLE_OBJC_ARC = YES;
				CLANG_WARN_CONSTANT_CONVERSION = YES;
				CLANG_WARN_EMPTY_BODY = YES;
				CLANG_WARN_ENUM_CONVERSION = YES;
				CLANG_WARN_INT_CONVERSION = YES;
				CLANG_WARN__DUPLICATE_METHOD_MATCH = YES;
				COPY_PHASE_STRIP = NO;
				GCC_C_LANGUAGE_STANDARD = gnu99;
				GCC_DYNAMIC_NO_PIC = NO;
				GCC_OPTIMIZATION_LEVEL = 0;
				GCC_PREPROCESSOR_DEFINITIONS = (
					"DEBUG=1",
					"$(inherited)",
				);
				GCC_SYMBOLS_PRIVATE_EXTERN = NO;
				GCC_WARN_ABOUT_RETURN_TYPE = YES;
				GCC_WARN_UNINITIALIZED_AUTOS = YES;
				GCC_WARN_UNUSED_VARIABLE = YES;
				IPHONEOS_DEPLOYMENT_TARGET = 6.1;
				ONLY_ACTIVE_ARCH = YES;
				SDKROOT = iphoneos;
			};
			name = Debug;
		};
		DAE51012172EE5AC00B5F208 /* Release */ = {
			isa = XCBuildConfiguration;
			buildSettings = {
				ALWAYS_SEARCH_USER_PATHS = NO;
				CLANG_CXX_LANGUAGE_STANDARD = "gnu++0x";
				CLANG_CXX_LIBRARY = "libc++";
				CLANG_ENABLE_OBJC_ARC = YES;
				CLANG_WARN_CONSTANT_CONVERSION = YES;
				CLANG_WARN_EMPTY_BODY = YES;
				CLANG_WARN_ENUM_CONVERSION = YES;
				CLANG_WARN_INT_CONVERSION = YES;
				CLANG_WARN__DUPLICATE_METHOD_MATCH = YES;
				COPY_PHASE_STRIP = YES;
				GCC_C_LANGUAGE_STANDARD = gnu99;
				GCC_WARN_ABOUT_RETURN_TYPE = YES;
				GCC_WARN_UNINITIALIZED_AUTOS = YES;
				GCC_WARN_UNUSED_VARIABLE = YES;
				IPHONEOS_DEPLOYMENT_TARGET = 6.1;
				SDKROOT = iphoneos;
				VALIDATE_PRODUCT = YES;
			};
			name = Release;
		};
		DAE51014172EE5AC00B5F208 /* Debug */ = {
			isa = XCBuildConfiguration;
			buildSettings = {
				ARCHS = "$(ARCHS_STANDARD_32_BIT)";
				DSTROOT = /tmp/Nimbus.dst;
				GCC_PRECOMPILE_PREFIX_HEADER = YES;
				GCC_PREFIX_HEADER = "Nimbus/Nimbus-Prefix.pch";
				PRODUCT_NAME = "$(TARGET_NAME)";
				SKIP_INSTALL = YES;
			};
			name = Debug;
		};
		DAE51015172EE5AC00B5F208 /* Release */ = {
			isa = XCBuildConfiguration;
			buildSettings = {
				ARCHS = "$(ARCHS_STANDARD_32_BIT)";
				DSTROOT = /tmp/Nimbus.dst;
				GCC_PRECOMPILE_PREFIX_HEADER = YES;
				GCC_PREFIX_HEADER = "Nimbus/Nimbus-Prefix.pch";
				PRODUCT_NAME = "$(TARGET_NAME)";
				SKIP_INSTALL = YES;
			};
			name = Release;
		};
/* End XCBuildConfiguration section */

/* Begin XCConfigurationList section */
		DAE50FFF172EE5AC00B5F208 /* Build configuration list for PBXProject "Nimbus" */ = {
			isa = XCConfigurationList;
			buildConfigurations = (
				DAE51011172EE5AC00B5F208 /* Debug */,
				DAE51012172EE5AC00B5F208 /* Release */,
			);
			defaultConfigurationIsVisible = 0;
			defaultConfigurationName = Release;
		};
		DAE51013172EE5AC00B5F208 /* Build configuration list for PBXNativeTarget "Nimbus" */ = {
			isa = XCConfigurationList;
			buildConfigurations = (
				DAE51014172EE5AC00B5F208 /* Debug */,
				DAE51015172EE5AC00B5F208 /* Release */,
			);
			defaultConfigurationIsVisible = 0;
		};
/* End XCConfigurationList section */
	};
	rootObject = DAE50FFC172EE5AC00B5F208 /* Project object */;
}
